
Microsoft Visual Studio Solution File, Format Version 12.00
# Visual Studio Version 17
VisualStudioVersion = 17.3.32922.545
MinimumVisualStudioVersion = 10.0.40219.1
Project("{FAE04EC0-301F-11D3-BF4B-00C04F79EFBC}") = "Provider", "Provider\Provider.csproj", "{91415D1F-9FF2-4FCB-8D52-2068F79E1CE2}"
EndProject
Project("{FAE04EC0-301F-11D3-BF4B-00C04F79EFBC}") = "Consumer", "Consumer\Consumer.csproj", "{77230FC0-C24B-49C0-9174-187025705CCA}"
EndProject
Global
	GlobalSection(SolutionConfigurationPlatforms) = preSolution
		Debug|Any CPU = Debug|Any CPU
		Release|Any CPU = Release|Any CPU
	EndGlobalSection
	GlobalSection(ProjectConfigurationPlatforms) = postSolution
		{91415D1F-9FF2-4FCB-8D52-2068F79E1CE2}.Debug|Any CPU.ActiveCfg = Debug|Any CPU
		{91415D1F-9FF2-4FCB-8D52-2068F79E1CE2}.Debug|Any CPU.Build.0 = Debug|Any CPU
		{91415D1F-9FF2-4FCB-8D52-2068F79E1CE2}.Release|Any CPU.ActiveCfg = Release|Any CPU
		{91415D1F-9FF2-4FCB-8D52-2068F79E1CE2}.Release|Any CPU.Build.0 = Release|Any CPU
		{77230FC0-C24B-49C0-9174-187025705CCA}.Debug|Any CPU.ActiveCfg = Debug|Any CPU
		{77230FC0-C24B-49C0-9174-187025705CCA}.Debug|Any CPU.Build.0 = Debug|Any CPU
		{77230FC0-C24B-49C0-9174-187025705CCA}.Release|Any CPU.ActiveCfg = Release|Any CPU
		{77230FC0-C24B-49C0-9174-187025705CCA}.Release|Any CPU.Build.0 = Release|Any CPU
	EndGlobalSection
	GlobalSection(SolutionProperties) = preSolution
		HideSolutionNode = FALSE
	EndGlobalSection
	GlobalSection(ExtensibilityGlobals) = postSolution
		SolutionGuid = {5F2EB905-2309-46F5-BF55-D5DFD85D14E0}
	EndGlobalSection
EndGlobal
